
Microsoft Visual Studio Solution File, Format Version 12.00
# Visual Studio Version 17
VisualStudioVersion = 17.5.002.0
MinimumVisualStudioVersion = 10.0.40219.1
Project("{9A19103F-16F7-4668-BE54-9A1E7A4F7556}") = "AuthWebApp", "AuthWebApp.csproj", "{07372926-6977-41A5-A448-EF3BF66CAABE}"
EndProject
Global
	GlobalSection(SolutionConfigurationPlatforms) = preSolution
		Debug|Any CPU = Debug|Any CPU
		Release|Any CPU = Release|Any CPU
	EndGlobalSection
	GlobalSection(ProjectConfigurationPlatforms) = postSolution
		{07372926-6977-41A5-A448-EF3BF66CAABE}.Debug|Any CPU.ActiveCfg = Debug|Any CPU
		{07372926-6977-41A5-A448-EF3BF66CAABE}.Debug|Any CPU.Build.0 = Debug|Any CPU
		{07372926-6977-41A5-A448-EF3BF66CAABE}.Release|Any CPU.ActiveCfg = Release|Any CPU
		{07372926-6977-41A5-A448-EF3BF66CAABE}.Release|Any CPU.Build.0 = Release|Any CPU
	EndGlobalSection
	GlobalSection(SolutionProperties) = preSolution
		HideSolutionNode = FALSE
	EndGlobalSection
	GlobalSection(ExtensibilityGlobals) = postSolution
		SolutionGuid = {36371FEA-06F0-4AFF-8968-5AA851009FB0}
	EndGlobalSection
EndGlobal
